{
  "nodes": {
    "flake-utils": {
      "inputs": {
        "systems": "systems"
      },
      "locked": {
        "lastModified": 1731533236,
        "narHash": "sha256-l0KFg5HjrsfsO/JpG+r7fRrqm12kzFHyUHqHCVpMMbI=",
        "owner": "numtide",
        "repo": "flake-utils",
        "rev": "11707dc2f618dd54ca8739b309ec4fc024de578b",
        "type": "github"
      },
      "original": {
        "owner": "numtide",
        "repo": "flake-utils",
        "type": "github"
      }
    },
    "guess-indent-nvim": {
      "flake": false,
      "locked": {
        "lastModified": 1742937349,
        "narHash": "sha256-M/FkwCXXhojVFEcCuHo/GkuCCSX9GlVYHBUECSZxBjs=",
        "owner": "NMAC427",
        "repo": "guess-indent.nvim",
        "rev": "84a4987ff36798c2fc1169cbaff67960aed9776f",
        "type": "github"
      },
      "original": {
        "owner": "NMAC427",
        "repo": "guess-indent.nvim",
        "type": "github"
      }
    },
    "mini-nvim": {
      "flake": false,
      "locked": {
        "lastModified": 1773329697,
        "narHash": "sha256-Idg/aP7kXAjXra51I56+DtldHII4NmKzGehIkk0S19c=",
        "owner": "echasnovski",
        "repo": "mini.nvim",
        "rev": "9990c41f10f54f29a888d13024c9f765037bde23",
        "type": "github"
      },
      "original": {
        "owner": "echasnovski",
        "repo": "mini.nvim",
        "type": "github"
      }
    },
    "netrw-nvim": {
      "flake": false,
      "locked": {
        "lastModified": 1721754696,
        "narHash": "sha256-tEO+omzlaC0uFkIHebeqnGtiPbDelRTBJONEnTy0F9U=",
        "owner": "prichrd",
        "repo": "netrw.nvim",
        "rev": "90501c62b9b816ed3ed1e912ae9db9af5671a1b2",
        "type": "github"
      },
      "original": {
        "owner": "prichrd",
        "repo": "netrw.nvim",
        "type": "github"
      }
    },
    "nixpkgs": {
      "locked": {
        "lastModified": 1773389992,
        "narHash": "sha256-wvfdLLWJ2I9oEpDd9PfMA8osfIZicoQ5MT1jIwNs9Tk=",
        "owner": "NixOS",
        "repo": "nixpkgs",
        "rev": "c06b4ae3d6599a672a6210b7021d699c351eebda",
        "type": "github"
      },
      "original": {
        "owner": "NixOS",
        "ref": "nixos-unstable",
        "repo": "nixpkgs",
        "type": "github"
      }
    },
    "nvim-lspconfig": {
      "flake": false,
      "locked": {
        "lastModified": 1773584205,
        "narHash": "sha256-Z1Ji496pxXnNmL7ysoehXswwZLLNHSVZVlFIwUrpqyc=",
        "owner": "neovim",
        "repo": "nvim-lspconfig",
        "rev": "dd261ad5266ab5bbec249d21efeceda98ff3e1a6",
        "type": "github"
      },
      "original": {
        "owner": "neovim",
        "repo": "nvim-lspconfig",
        "type": "github"
      }
    },
    "root": {
      "inputs": {
        "flake-utils": "flake-utils",
        "guess-indent-nvim": "guess-indent-nvim",
        "mini-nvim": "mini-nvim",
        "netrw-nvim": "netrw-nvim",
        "nixpkgs": "nixpkgs",
        "nvim-lspconfig": "nvim-lspconfig"
      }
    },
    "systems": {
      "locked": {
        "lastModified": 1681028828,
        "narHash": "sha256-Vy1rq5AaRuLzOxct8nz4T6wlgyUR7zLU309k9mBC768=",
        "owner": "nix-systems",
        "repo": "default",
        "rev": "da67096a3b9bf56a91d16901293e51ba5b49a27e",
        "type": "github"
      },
      "original": {
        "owner": "nix-systems",
        "repo": "default",
        "type": "github"
      }
    }
  },
  "root": "root",
  "version": 7
}
