{
  "nodes": {
    "flake-utils": {
      "inputs": {
        "systems": "systems"
      },
      "locked": {
        "lastModified": 1731533236,
        "narHash": "sha256-l0KFg5HjrsfsO/JpG+r7fRrqm12kzFHyUHqHCVpMMbI=",
        "owner": "numtide",
        "repo": "flake-utils",
        "rev": "11707dc2f618dd54ca8739b309ec4fc024de578b",
        "type": "github"
      },
      "original": {
        "owner": "numtide",
        "repo": "flake-utils",
        "type": "github"
      }
    },
    "guess-indent-nvim": {
      "flake": false,
      "locked": {
        "lastModified": 1742937349,
        "narHash": "sha256-M/FkwCXXhojVFEcCuHo/GkuCCSX9GlVYHBUECSZxBjs=",
        "owner": "NMAC427",
        "repo": "guess-indent.nvim",
        "rev": "84a4987ff36798c2fc1169cbaff67960aed9776f",
        "type": "github"
      },
      "original": {
        "owner": "NMAC427",
        "repo": "guess-indent.nvim",
        "type": "github"
      }
    },
    "mini-nvim": {
      "flake": false,
      "locked": {
        "lastModified": 1770138262,
        "narHash": "sha256-7eULA178NPUbJLg1gNAJZ+Yob4UQDVo0GTnFCHDlBvI=",
        "owner": "echasnovski",
        "repo": "mini.nvim",
        "rev": "f28cd08c8be826355d64080400fab1764c9693dd",
        "type": "github"
      },
      "original": {
        "owner": "echasnovski",
        "repo": "mini.nvim",
        "type": "github"
      }
    },
    "netrw-nvim": {
      "flake": false,
      "locked": {
        "lastModified": 1721754696,
        "narHash": "sha256-tEO+omzlaC0uFkIHebeqnGtiPbDelRTBJONEnTy0F9U=",
        "owner": "prichrd",
        "repo": "netrw.nvim",
        "rev": "90501c62b9b816ed3ed1e912ae9db9af5671a1b2",
        "type": "github"
      },
      "original": {
        "owner": "prichrd",
        "repo": "netrw.nvim",
        "type": "github"
      }
    },
    "nixpkgs": {
      "locked": {
        "lastModified": 1770181073,
        "narHash": "sha256-ksTL7P9QC1WfZasNlaAdLOzqD8x5EPyods69YBqxSfk=",
        "owner": "NixOS",
        "repo": "nixpkgs",
        "rev": "bf922a59c5c9998a6584645f7d0de689512e444c",
        "type": "github"
      },
      "original": {
        "owner": "NixOS",
        "ref": "nixos-unstable",
        "repo": "nixpkgs",
        "type": "github"
      }
    },
    "nvim-lspconfig": {
      "flake": false,
      "locked": {
        "lastModified": 1770216277,
        "narHash": "sha256-DVXZTH7S17NoLA3poEj/h9m4m7Zdmx/5AlGR43V3LLc=",
        "owner": "neovim",
        "repo": "nvim-lspconfig",
        "rev": "59cd07d8df2fefde32556268b8d52606a32152a1",
        "type": "github"
      },
      "original": {
        "owner": "neovim",
        "repo": "nvim-lspconfig",
        "type": "github"
      }
    },
    "root": {
      "inputs": {
        "flake-utils": "flake-utils",
        "guess-indent-nvim": "guess-indent-nvim",
        "mini-nvim": "mini-nvim",
        "netrw-nvim": "netrw-nvim",
        "nixpkgs": "nixpkgs",
        "nvim-lspconfig": "nvim-lspconfig"
      }
    },
    "systems": {
      "locked": {
        "lastModified": 1681028828,
        "narHash": "sha256-Vy1rq5AaRuLzOxct8nz4T6wlgyUR7zLU309k9mBC768=",
        "owner": "nix-systems",
        "repo": "default",
        "rev": "da67096a3b9bf56a91d16901293e51ba5b49a27e",
        "type": "github"
      },
      "original": {
        "owner": "nix-systems",
        "repo": "default",
        "type": "github"
      }
    }
  },
  "root": "root",
  "version": 7
}
